
Microsoft Visual Studio Solution File, Format Version 12.00
# Visual Studio Version 17
VisualStudioVersion = 17.10.35027.167
MinimumVisualStudioVersion = 10.0.40219.1
Project("{FAE04EC0-301F-11D3-BF4B-00C04F79EFBC}") = "AccountingApplication", "AccountingApplication\AccountingApplication.csproj", "{A8FA8B68-446D-45EC-8740-473BC93274ED}"
EndProject
Global
	GlobalSection(SolutionConfigurationPlatforms) = preSolution
		Debug|Any CPU = Debug|Any CPU
		Release|Any CPU = Release|Any CPU
	EndGlobalSection
	GlobalSection(ProjectConfigurationPlatforms) = postSolution
		{A8FA8B68-446D-45EC-8740-473BC93274ED}.Debug|Any CPU.ActiveCfg = Debug|Any CPU
		{A8FA8B68-446D-45EC-8740-473BC93274ED}.Debug|Any CPU.Build.0 = Debug|Any CPU
		{A8FA8B68-446D-45EC-8740-473BC93274ED}.Release|Any CPU.ActiveCfg = Release|Any CPU
		{A8FA8B68-446D-45EC-8740-473BC93274ED}.Release|Any CPU.Build.0 = Release|Any CPU
	EndGlobalSection
	GlobalSection(SolutionProperties) = preSolution
		HideSolutionNode = FALSE
	EndGlobalSection
	GlobalSection(ExtensibilityGlobals) = postSolution
		SolutionGuid = {518A1591-6F69-473A-97DB-5CE760EC3FD4}
	EndGlobalSection
EndGlobal
